
Microsoft Visual Studio Solution File, Format Version 12.00
# Visual Studio Version 16
VisualStudioVersion = 25.0.1705.6
MinimumVisualStudioVersion = 10.0.40219.1
Project("{FAE04EC0-301F-11D3-BF4B-00C04F79EFBC}") = "BackendService", "BackendService\BackendService.csproj", "{89471C16-3D62-4949-8ACA-1F918A306A21}"
EndProject
Global
	GlobalSection(SolutionConfigurationPlatforms) = preSolution
		Debug|Any CPU = Debug|Any CPU
		Release|Any CPU = Release|Any CPU
	EndGlobalSection
	GlobalSection(ProjectConfigurationPlatforms) = postSolution
		{89471C16-3D62-4949-8ACA-1F918A306A21}.Debug|Any CPU.ActiveCfg = Debug|Any CPU
		{89471C16-3D62-4949-8ACA-1F918A306A21}.Debug|Any CPU.Build.0 = Debug|Any CPU
		{89471C16-3D62-4949-8ACA-1F918A306A21}.Release|Any CPU.ActiveCfg = Release|Any CPU
		{89471C16-3D62-4949-8ACA-1F918A306A21}.Release|Any CPU.Build.0 = Release|Any CPU
	EndGlobalSection
	GlobalSection(SolutionProperties) = preSolution
		HideSolutionNode = FALSE
	EndGlobalSection
	GlobalSection(ExtensibilityGlobals) = postSolution
		SolutionGuid = {1D917E8D-40DF-48E9-A61F-7F54E51035B4}
	EndGlobalSection
EndGlobal
