
Microsoft Visual Studio Solution File, Format Version 12.00
# Visual Studio Version 17
VisualStudioVersion = 17.5.001.0
MinimumVisualStudioVersion = 10.0.40219.1
Project("{9A19103F-16F7-4668-BE54-9A1E7A4F7556}") = "Backend", "Backend.csproj", "{61BB83D9-A196-403B-BDDE-B5FB5DD34A76}"
EndProject
Global
	GlobalSection(SolutionConfigurationPlatforms) = preSolution
		Debug|Any CPU = Debug|Any CPU
		Release|Any CPU = Release|Any CPU
	EndGlobalSection
	GlobalSection(ProjectConfigurationPlatforms) = postSolution
		{61BB83D9-A196-403B-BDDE-B5FB5DD34A76}.Debug|Any CPU.ActiveCfg = Debug|Any CPU
		{61BB83D9-A196-403B-BDDE-B5FB5DD34A76}.Debug|Any CPU.Build.0 = Debug|Any CPU
		{61BB83D9-A196-403B-BDDE-B5FB5DD34A76}.Release|Any CPU.ActiveCfg = Release|Any CPU
		{61BB83D9-A196-403B-BDDE-B5FB5DD34A76}.Release|Any CPU.Build.0 = Release|Any CPU
	EndGlobalSection
	GlobalSection(SolutionProperties) = preSolution
		HideSolutionNode = FALSE
	EndGlobalSection
	GlobalSection(ExtensibilityGlobals) = postSolution
		SolutionGuid = {4926A276-CFBC-4841-9F9E-AA2EF4CFAA05}
	EndGlobalSection
EndGlobal
